
Microsoft Visual Studio Solution File, Format Version 12.00
# Visual Studio Version 16
VisualStudioVersion = 16.0.30717.126
MinimumVisualStudioVersion = 10.0.40219.1
Project("{9A19103F-16F7-4668-BE54-9A1E7A4F7556}") = "BookListRazor", "BookListRazor.csproj", "{90B6451A-A73C-4EA3-AAF0-C891D6CA5173}"
EndProject
Global
	GlobalSection(SolutionConfigurationPlatforms) = preSolution
		Debug|Any CPU = Debug|Any CPU
		Release|Any CPU = Release|Any CPU
	EndGlobalSection
	GlobalSection(ProjectConfigurationPlatforms) = postSolution
		{90B6451A-A73C-4EA3-AAF0-C891D6CA5173}.Debug|Any CPU.ActiveCfg = Debug|Any CPU
		{90B6451A-A73C-4EA3-AAF0-C891D6CA5173}.Debug|Any CPU.Build.0 = Debug|Any CPU
		{90B6451A-A73C-4EA3-AAF0-C891D6CA5173}.Release|Any CPU.ActiveCfg = Release|Any CPU
		{90B6451A-A73C-4EA3-AAF0-C891D6CA5173}.Release|Any CPU.Build.0 = Release|Any CPU
	EndGlobalSection
	GlobalSection(SolutionProperties) = preSolution
		HideSolutionNode = FALSE
	EndGlobalSection
	GlobalSection(ExtensibilityGlobals) = postSolution
		SolutionGuid = {FEB7F59F-815E-4610-910B-84E3B1FDF1BE}
	EndGlobalSection
EndGlobal
